// !$*UTF8*$!
{
	archiveVersion = 1;
	classes = {
	};
	objectVersion = 50;
	objects = {

/* Begin PBXBuildFile section */
		ABC2A84526C2B597008D10B9 /* AppDelegate.swift in Sources */ = {isa = PBXBuildFile; fileRef = ABC2A84426C2B597008D10B9 /* AppDelegate.swift */; };
		ABC2A84726C2B597008D10B9 /* SceneDelegate.swift in Sources */ = {isa = PBXBuildFile; fileRef = ABC2A84626C2B597008D10B9 /* SceneDelegate.swift */; };
		ABC2A84C26C2B597008D10B9 /* Main.storyboard in Resources */ = {isa = PBXBuildFile; fileRef = ABC2A84A26C2B597008D10B9 /* Main.storyboard */; };
		ABC2A84F26C2B597008D10B9 /* DO_MORE.xcdatamodeld in Sources */ = {isa = PBXBuildFile; fileRef = ABC2A84D26C2B597008D10B9 /* DO_MORE.xcdatamodeld */; };
		ABC2A85126C2B598008D10B9 /* Assets.xcassets in Resources */ = {isa = PBXBuildFile; fileRef = ABC2A85026C2B598008D10B9 /* Assets.xcassets */; };
		ABC2A85426C2B598008D10B9 /* LaunchScreen.storyboard in Resources */ = {isa = PBXBuildFile; fileRef = ABC2A85226C2B598008D10B9 /* LaunchScreen.storyboard */; };
		ABC2A85F26C2B647008D10B9 /* HomeViewController.swift in Sources */ = {isa = PBXBuildFile; fileRef = ABC2A85D26C2B647008D10B9 /* HomeViewController.swift */; };
		ABC2A86026C2B647008D10B9 /* HomeViewController.xib in Resources */ = {isa = PBXBuildFile; fileRef = ABC2A85E26C2B647008D10B9 /* HomeViewController.xib */; };
		ABC2A86326C2B8C4008D10B9 /* scrollViewController.swift in Sources */ = {isa = PBXBuildFile; fileRef = ABC2A86126C2B8C4008D10B9 /* scrollViewController.swift */; };
		ABC2A86426C2B8C4008D10B9 /* scrollViewController.xib in Resources */ = {isa = PBXBuildFile; fileRef = ABC2A86226C2B8C4008D10B9 /* scrollViewController.xib */; };
		ABC2A86726C2BCC3008D10B9 /* Item.swift in Sources */ = {isa = PBXBuildFile; fileRef = ABC2A86626C2BCC3008D10B9 /* Item.swift */; };
		ABC2A86B26C2BD4D008D10B9 /* ItemCollectionViewCell.swift in Sources */ = {isa = PBXBuildFile; fileRef = ABC2A86926C2BD4D008D10B9 /* ItemCollectionViewCell.swift */; };
		ABC2A86C26C2BD4D008D10B9 /* ItemCollectionViewCell.xib in Resources */ = {isa = PBXBuildFile; fileRef = ABC2A86A26C2BD4D008D10B9 /* ItemCollectionViewCell.xib */; };
/* End PBXBuildFile section */

/* Begin PBXFileReference section */
		ABC2A84126C2B597008D10B9 /* DO MORE.app */ = {isa = PBXFileReference; explicitFileType = wrapper.application; includeInIndex = 0; path = "DO MORE.app"; sourceTree = BUILT_PRODUCTS_DIR; };
		ABC2A84426C2B597008D10B9 /* AppDelegate.swift */ = {isa = PBXFileReference; lastKnownFileType = sourcecode.swift; path = AppDelegate.swift; sourceTree = "<group>"; };
		ABC2A84626C2B597008D10B9 /* SceneDelegate.swift */ = {isa = PBXFileReference; lastKnownFileType = sourcecode.swift; path = SceneDelegate.swift; sourceTree = "<group>"; };
		ABC2A84B26C2B597008D10B9 /* Base */ = {isa = PBXFileReference; lastKnownFileType = file.storyboard; name = Base; path = Base.lproj/Main.storyboard; sourceTree = "<group>"; };
		ABC2A84E26C2B597008D10B9 /* DO_MORE.xcdatamodel */ = {isa = PBXFileReference; lastKnownFileType = wrapper.xcdatamodel; path = DO_MORE.xcdatamodel; sourceTree = "<group>"; };
		ABC2A85026C2B598008D10B9 /* Assets.xcassets */ = {isa = PBXFileReference; lastKnownFileType = folder.assetcatalog; path = Assets.xcassets; sourceTree = "<group>"; };
		ABC2A85326C2B598008D10B9 /* Base */ = {isa = PBXFileReference; lastKnownFileType = file.storyboard; name = Base; path = Base.lproj/LaunchScreen.storyboard; sourceTree = "<group>"; };
		ABC2A85526C2B598008D10B9 /* Info.plist */ = {isa = PBXFileReference; lastKnownFileType = text.plist.xml; path = Info.plist; sourceTree = "<group>"; };
		ABC2A85D26C2B647008D10B9 /* HomeViewController.swift */ = {isa = PBXFileReference; lastKnownFileType = sourcecode.swift; path = HomeViewController.swift; sourceTree = "<group>"; };
		ABC2A85E26C2B647008D10B9 /* HomeViewController.xib */ = {isa = PBXFileReference; lastKnownFileType = file.xib; path = HomeViewController.xib; sourceTree = "<group>"; };
		ABC2A86126C2B8C4008D10B9 /* scrollViewController.swift */ = {isa = PBXFileReference; lastKnownFileType = sourcecode.swift; path = scrollViewController.swift; sourceTree = "<group>"; };
		ABC2A86226C2B8C4008D10B9 /* scrollViewController.xib */ = {isa = PBXFileReference; lastKnownFileType = file.xib; path = scrollViewController.xib; sourceTree = "<group>"; };
		ABC2A86626C2BCC3008D10B9 /* Item.swift */ = {isa = PBXFileReference; lastKnownFileType = sourcecode.swift; path = Item.swift; sourceTree = "<group>"; };
		ABC2A86926C2BD4D008D10B9 /* ItemCollectionViewCell.swift */ = {isa = PBXFileReference; lastKnownFileType = sourcecode.swift; path = ItemCollectionViewCell.swift; sourceTree = "<group>"; };
		ABC2A86A26C2BD4D008D10B9 /* ItemCollectionViewCell.xib */ = {isa = PBXFileReference; lastKnownFileType = file.xib; path = ItemCollectionViewCell.xib; sourceTree = "<group>"; };
/* End PBXFileReference section */

/* Begin PBXFrameworksBuildPhase section */
		ABC2A83E26C2B597008D10B9 /* Frameworks */ = {
			isa = PBXFrameworksBuildPhase;
			buildActionMask = 2147483647;
			files = (
			);
			runOnlyForDeploymentPostprocessing = 0;
		};
/* End PBXFrameworksBuildPhase section */

/* Begin PBXGroup section */
		ABC2A83826C2B597008D10B9 = {
			isa = PBXGroup;
			children = (
				ABC2A84326C2B597008D10B9 /* DO MORE */,
				ABC2A84226C2B597008D10B9 /* Products */,
			);
			sourceTree = "<group>";
		};
		ABC2A84226C2B597008D10B9 /* Products */ = {
			isa = PBXGroup;
			children = (
				ABC2A84126C2B597008D10B9 /* DO MORE.app */,
			);
			name = Products;
			sourceTree = "<group>";
		};
		ABC2A84326C2B597008D10B9 /* DO MORE */ = {
			isa = PBXGroup;
			children = (
				ABC2A86826C2BD27008D10B9 /* cell */,
				ABC2A86526C2BC96008D10B9 /* models */,
				ABC2A85C26C2B5FD008D10B9 /* controllers */,
				ABC2A84426C2B597008D10B9 /* AppDelegate.swift */,
				ABC2A84626C2B597008D10B9 /* SceneDelegate.swift */,
				ABC2A85526C2B598008D10B9 /* Info.plist */,
				ABC2A85B26C2B5B5008D10B9 /* apputils */,
			);
			path = "DO MORE";
			sourceTree = "<group>";
		};
		ABC2A85B26C2B5B5008D10B9 /* apputils */ = {
			isa = PBXGroup;
			children = (
				ABC2A85026C2B598008D10B9 /* Assets.xcassets */,
				ABC2A84D26C2B597008D10B9 /* DO_MORE.xcdatamodeld */,
				ABC2A85226C2B598008D10B9 /* LaunchScreen.storyboard */,
				ABC2A84A26C2B597008D10B9 /* Main.storyboard */,
			);
			path = apputils;
			sourceTree = "<group>";
		};
		ABC2A85C26C2B5FD008D10B9 /* controllers */ = {
			isa = PBXGroup;
			children = (
				ABC2A85D26C2B647008D10B9 /* HomeViewController.swift */,
				ABC2A85E26C2B647008D10B9 /* HomeViewController.xib */,
				ABC2A86126C2B8C4008D10B9 /* scrollViewController.swift */,
				ABC2A86226C2B8C4008D10B9 /* scrollViewController.xib */,
			);
			path = controllers;
			sourceTree = "<group>";
		};
		ABC2A86526C2BC96008D10B9 /* models */ = {
			isa = PBXGroup;
			children = (
				ABC2A86626C2BCC3008D10B9 /* Item.swift */,
			);
			path = models;
			sourceTree = "<group>";
		};
		ABC2A86826C2BD27008D10B9 /* cell */ = {
			isa = PBXGroup;
			children = (
				ABC2A86926C2BD4D008D10B9 /* ItemCollectionViewCell.swift */,
				ABC2A86A26C2BD4D008D10B9 /* ItemCollectionViewCell.xib */,
			);
			path = cell;
			sourceTree = "<group>";
		};
/* End PBXGroup section */

/* Begin PBXNativeTarget section */
		ABC2A84026C2B597008D10B9 /* DO MORE */ = {
			isa = PBXNativeTarget;
			buildConfigurationList = ABC2A85826C2B598008D10B9 /* Build configuration list for PBXNativeTarget "DO MORE" */;
			buildPhases = (
				ABC2A83D26C2B597008D10B9 /* Sources */,
				ABC2A83E26C2B597008D10B9 /* Frameworks */,
				ABC2A83F26C2B597008D10B9 /* Resources */,
			);
			buildRules = (
			);
			dependencies = (
			);
			name = "DO MORE";
			productName = "DO MORE";
			productReference = ABC2A84126C2B597008D10B9 /* DO MORE.app */;
			productType = "com.apple.product-type.application";
		};
/* End PBXNativeTarget section */

/* Begin PBXProject section */
		ABC2A83926C2B597008D10B9 /* Project object */ = {
			isa = PBXProject;
			attributes = {
				LastSwiftUpdateCheck = 1250;
				LastUpgradeCheck = 1250;
				TargetAttributes = {
					ABC2A84026C2B597008D10B9 = {
						CreatedOnToolsVersion = 12.5.1;
					};
				};
			};
			buildConfigurationList = ABC2A83C26C2B597008D10B9 /* Build configuration list for PBXProject "DO MORE" */;
			compatibilityVersion = "Xcode 9.3";
			developmentRegion = en;
			hasScannedForEncodings = 0;
			knownRegions = (
				en,
				Base,
			);
			mainGroup = ABC2A83826C2B597008D10B9;
			productRefGroup = ABC2A84226C2B597008D10B9 /* Products */;
			projectDirPath = "";
			projectRoot = "";
			targets = (
				ABC2A84026C2B597008D10B9 /* DO MORE */,
			);
		};
/* End PBXProject section */

/* Begin PBXResourcesBuildPhase section */
		ABC2A83F26C2B597008D10B9 /* Resources */ = {
			isa = PBXResourcesBuildPhase;
			buildActionMask = 2147483647;
			files = (
				ABC2A86426C2B8C4008D10B9 /* scrollViewController.xib in Resources */,
				ABC2A85426C2B598008D10B9 /* LaunchScreen.storyboard in Resources */,
				ABC2A85126C2B598008D10B9 /* Assets.xcassets in Resources */,
				ABC2A86C26C2BD4D008D10B9 /* ItemCollectionViewCell.xib in Resources */,
				ABC2A84C26C2B597008D10B9 /* Main.storyboard in Resources */,
				ABC2A86026C2B647008D10B9 /* HomeViewController.xib in Resources */,
			);
			runOnlyForDeploymentPostprocessing = 0;
		};
/* End PBXResourcesBuildPhase section */

/* Begin PBXSourcesBuildPhase section */
		ABC2A83D26C2B597008D10B9 /* Sources */ = {
			isa = PBXSourcesBuildPhase;
			buildActionMask = 2147483647;
			files = (
				ABC2A84F26C2B597008D10B9 /* DO_MORE.xcdatamodeld in Sources */,
				ABC2A84526C2B597008D10B9 /* AppDelegate.swift in Sources */,
				ABC2A86326C2B8C4008D10B9 /* scrollViewController.swift in Sources */,
				ABC2A84726C2B597008D10B9 /* SceneDelegate.swift in Sources */,
				ABC2A86726C2BCC3008D10B9 /* Item.swift in Sources */,
				ABC2A85F26C2B647008D10B9 /* HomeViewController.swift in Sources */,
				ABC2A86B26C2BD4D008D10B9 /* ItemCollectionViewCell.swift in Sources */,
			);
			runOnlyForDeploymentPostprocessing = 0;
		};
/* End PBXSourcesBuildPhase section */

/* Begin PBXVariantGroup section */
		ABC2A84A26C2B597008D10B9 /* Main.storyboard */ = {
			isa = PBXVariantGroup;
			children = (
				ABC2A84B26C2B597008D10B9 /* Base */,
			);
			name = Main.storyboard;
			sourceTree = "<group>";
		};
		ABC2A85226C2B598008D10B9 /* LaunchScreen.storyboard */ = {
			isa = PBXVariantGroup;
			children = (
				ABC2A85326C2B598008D10B9 /* Base */,
			);
			name = LaunchScreen.storyboard;
			sourceTree = "<group>";
		};
/* End PBXVariantGroup section */

/* Begin XCBuildConfiguration section */
		ABC2A85626C2B598008D10B9 /* Debug */ = {
			isa = XCBuildConfiguration;
			buildSettings = {
				ALWAYS_SEARCH_USER_PATHS = NO;
				CLANG_ANALYZER_NONNULL = YES;
				CLANG_ANALYZER_NUMBER_OBJECT_CONVERSION = YES_AGGRESSIVE;
				CLANG_CXX_LANGUAGE_STANDARD = "gnu++14";
				CLANG_CXX_LIBRARY = "libc++";
				CLANG_ENABLE_MODULES = YES;
				CLANG_ENABLE_OBJC_ARC = YES;
				CLANG_ENABLE_OBJC_WEAK = YES;
				CLANG_WARN_BLOCK_CAPTURE_AUTORELEASING = YES;
				CLANG_WARN_BOOL_CONVERSION = YES;
				CLANG_WARN_COMMA = YES;
				CLANG_WARN_CONSTANT_CONVERSION = YES;
				CLANG_WARN_DEPRECATED_OBJC_IMPLEMENTATIONS = YES;
				CLANG_WARN_DIRECT_OBJC_ISA_USAGE = YES_ERROR;
				CLANG_WARN_DOCUMENTATION_COMMENTS = YES;
				CLANG_WARN_EMPTY_BODY = YES;
				CLANG_WARN_ENUM_CONVERSION = YES;
				CLANG_WARN_INFINITE_RECURSION = YES;
				CLANG_WARN_INT_CONVERSION = YES;
				CLANG_WARN_NON_LITERAL_NULL_CONVERSION = YES;
				CLANG_WARN_OBJC_IMPLICIT_RETAIN_SELF = YES;
				CLANG_WARN_OBJC_LITERAL_CONVERSION = YES;
				CLANG_WARN_OBJC_ROOT_CLASS = YES_ERROR;
				CLANG_WARN_QUOTED_INCLUDE_IN_FRAMEWORK_HEADER = YES;
				CLANG_WARN_RANGE_LOOP_ANALYSIS = YES;
				CLANG_WARN_STRICT_PROTOTYPES = YES;
				CLANG_WARN_SUSPICIOUS_MOVE = YES;
				CLANG_WARN_UNGUARDED_AVAILABILITY = YES_AGGRESSIVE;
				CLANG_WARN_UNREACHABLE_CODE = YES;
				CLANG_WARN__DUPLICATE_METHOD_MATCH = YES;
				COPY_PHASE_STRIP = NO;
				DEBUG_INFORMATION_FORMAT = dwarf;
				ENABLE_STRICT_OBJC_MSGSEND = YES;
				ENABLE_TESTABILITY = YES;
				GCC_C_LANGUAGE_STANDARD = gnu11;
				GCC_DYNAMIC_NO_PIC = NO;
				GCC_NO_COMMON_BLOCKS = YES;
				GCC_OPTIMIZATION_LEVEL = 0;
				GCC_PREPROCESSOR_DEFINITIONS = (
					"DEBUG=1",
					"$(inherited)",
				);
				GCC_WARN_64_TO_32_BIT_CONVERSION = YES;
				GCC_WARN_ABOUT_RETURN_TYPE = YES_ERROR;
				GCC_WARN_UNDECLARED_SELECTOR = YES;
				GCC_WARN_UNINITIALIZED_AUTOS = YES_AGGRESSIVE;
				GCC_WARN_UNUSED_FUNCTION = YES;
				GCC_WARN_UNUSED_VARIABLE = YES;
				IPHONEOS_DEPLOYMENT_TARGET = 14.5;
				MTL_ENABLE_DEBUG_INFO = INCLUDE_SOURCE;
				MTL_FAST_MATH = YES;
				ONLY_ACTIVE_ARCH = YES;
				SDKROOT = iphoneos;
				SWIFT_ACTIVE_COMPILATION_CONDITIONS = DEBUG;
				SWIFT_OPTIMIZATION_LEVEL = "-Onone";
			};
			name = Debug;
		};
		ABC2A85726C2B598008D10B9 /* Release */ = {
			isa = XCBuildConfiguration;
			buildSettings = {
				ALWAYS_SEARCH_USER_PATHS = NO;
				CLANG_ANALYZER_NONNULL = YES;
				CLANG_ANALYZER_NUMBER_OBJECT_CONVERSION = YES_AGGRESSIVE;
				CLANG_CXX_LANGUAGE_STANDARD = "gnu++14";
				CLANG_CXX_LIBRARY = "libc++";
				CLANG_ENABLE_MODULES = YES;
				CLANG_ENABLE_OBJC_ARC = YES;
				CLANG_ENABLE_OBJC_WEAK = YES;
				CLANG_WARN_BLOCK_CAPTURE_AUTORELEASING = YES;
				CLANG_WARN_BOOL_CONVERSION = YES;
				CLANG_WARN_COMMA = YES;
				CLANG_WARN_CONSTANT_CONVERSION = YES;
				CLANG_WARN_DEPRECATED_OBJC_IMPLEMENTATIONS = YES;
				CLANG_WARN_DIRECT_OBJC_ISA_USAGE = YES_ERROR;
				CLANG_WARN_DOCUMENTATION_COMMENTS = YES;
				CLANG_WARN_EMPTY_BODY = YES;
				CLANG_WARN_ENUM_CONVERSION = YES;
				CLANG_WARN_INFINITE_RECURSION = YES;
				CLANG_WARN_INT_CONVERSION = YES;
				CLANG_WARN_NON_LITERAL_NULL_CONVERSION = YES;
				CLANG_WARN_OBJC_IMPLICIT_RETAIN_SELF = YES;
				CLANG_WARN_OBJC_LITERAL_CONVERSION = YES;
				CLANG_WARN_OBJC_ROOT_CLASS = YES_ERROR;
				CLANG_WARN_QUOTED_INCLUDE_IN_FRAMEWORK_HEADER = YES;
				CLANG_WARN_RANGE_LOOP_ANALYSIS = YES;
				CLANG_WARN_STRICT_PROTOTYPES = YES;
				CLANG_WARN_SUSPICIOUS_MOVE = YES;
				CLANG_WARN_UNGUARDED_AVAILABILITY = YES_AGGRESSIVE;
				CLANG_WARN_UNREACHABLE_CODE = YES;
				CLANG_WARN__DUPLICATE_METHOD_MATCH = YES;
				COPY_PHASE_STRIP = NO;
				DEBUG_INFORMATION_FORMAT = "dwarf-with-dsym";
				ENABLE_NS_ASSERTIONS = NO;
				ENABLE_STRICT_OBJC_MSGSEND = YES;
				GCC_C_LANGUAGE_STANDARD = gnu11;
				GCC_NO_COMMON_BLOCKS = YES;
				GCC_WARN_64_TO_32_BIT_CONVERSION = YES;
				GCC_WARN_ABOUT_RETURN_TYPE = YES_ERROR;
				GCC_WARN_UNDECLARED_SELECTOR = YES;
				GCC_WARN_UNINITIALIZED_AUTOS = YES_AGGRESSIVE;
				GCC_WARN_UNUSED_FUNCTION = YES;
				GCC_WARN_UNUSED_VARIABLE = YES;
				IPHONEOS_DEPLOYMENT_TARGET = 14.5;
				MTL_ENABLE_DEBUG_INFO = NO;
				MTL_FAST_MATH = YES;
				SDKROOT = iphoneos;
				SWIFT_COMPILATION_MODE = wholemodule;
				SWIFT_OPTIMIZATION_LEVEL = "-O";
				VALIDATE_PRODUCT = YES;
			};
			name = Release;
		};
		ABC2A85926C2B598008D10B9 /* Debug */ = {
			isa = XCBuildConfiguration;
			buildSettings = {
				ASSETCATALOG_COMPILER_APPICON_NAME = AppIcon;
				ASSETCATALOG_COMPILER_GLOBAL_ACCENT_COLOR_NAME = AccentColor;
				CODE_SIGN_STYLE = Automatic;
				INFOPLIST_FILE = "DO MORE/Info.plist";
				LD_RUNPATH_SEARCH_PATHS = (
					"$(inherited)",
					"@executable_path/Frameworks",
				);
				PRODUCT_BUNDLE_IDENTIFIER = "www.DO-MORE";
				PRODUCT_NAME = "$(TARGET_NAME)";
				SWIFT_VERSION = 5.0;
				TARGETED_DEVICE_FAMILY = "1,2";
			};
			name = Debug;
		};
		ABC2A85A26C2B598008D10B9 /* Release */ = {
			isa = XCBuildConfiguration;
			buildSettings = {
				ASSETCATALOG_COMPILER_APPICON_NAME = AppIcon;
				ASSETCATALOG_COMPILER_GLOBAL_ACCENT_COLOR_NAME = AccentColor;
				CODE_SIGN_STYLE = Automatic;
				INFOPLIST_FILE = "DO MORE/Info.plist";
				LD_RUNPATH_SEARCH_PATHS = (
					"$(inherited)",
					"@executable_path/Frameworks",
				);
				PRODUCT_BUNDLE_IDENTIFIER = "www.DO-MORE";
				PRODUCT_NAME = "$(TARGET_NAME)";
				SWIFT_VERSION = 5.0;
				TARGETED_DEVICE_FAMILY = "1,2";
			};
			name = Release;
		};
/* End XCBuildConfiguration section */

/* Begin XCConfigurationList section */
		ABC2A83C26C2B597008D10B9 /* Build configuration list for PBXProject "DO MORE" */ = {
			isa = XCConfigurationList;
			buildConfigurations = (
				ABC2A85626C2B598008D10B9 /* Debug */,
				ABC2A85726C2B598008D10B9 /* Release */,
			);
			defaultConfigurationIsVisible = 0;
			defaultConfigurationName = Release;
		};
		ABC2A85826C2B598008D10B9 /* Build configuration list for PBXNativeTarget "DO MORE" */ = {
			isa = XCConfigurationList;
			buildConfigurations = (
				ABC2A85926C2B598008D10B9 /* Debug */,
				ABC2A85A26C2B598008D10B9 /* Release */,
			);
			defaultConfigurationIsVisible = 0;
			defaultConfigurationName = Release;
		};
/* End XCConfigurationList section */

/* Begin XCVersionGroup section */
		ABC2A84D26C2B597008D10B9 /* DO_MORE.xcdatamodeld */ = {
			isa = XCVersionGroup;
			children = (
				ABC2A84E26C2B597008D10B9 /* DO_MORE.xcdatamodel */,
			);
			currentVersion = ABC2A84E26C2B597008D10B9 /* DO_MORE.xcdatamodel */;
			path = DO_MORE.xcdatamodeld;
			sourceTree = "<group>";
			versionGroupType = wrapper.xcdatamodel;
		};
/* End XCVersionGroup section */
	};
	rootObject = ABC2A83926C2B597008D10B9 /* Project object */;
}
